// !$*UTF8*$!
{
	archiveVersion = 1;
	classes = {
	};
	objectVersion = 50;
	objects = {

/* Begin PBXBuildFile section */
		0A00A9A0229B8727007CFB82 /* FileWorker.swift in Sources */ = {isa = PBXBuildFile; fileRef = 0A00A99F229B8727007CFB82 /* FileWorker.swift */; };
		0A00A9A2229B9426007CFB82 /* ServiceCategoryContext.swift in Sources */ = {isa = PBXBuildFile; fileRef = 0A00A9A1229B9426007CFB82 /* ServiceCategoryContext.swift */; };
		0A346B82227FDEDC00E6CEB6 /* MybrowserViewController.swift in Sources */ = {isa = PBXBuildFile; fileRef = 0A346B81227FDEDC00E6CEB6 /* MybrowserViewController.swift */; };
		0A5D419222924A4A005C47AC /* AsyncRequestWorker .swift in Sources */ = {isa = PBXBuildFile; fileRef = 0A5D419122924A4A005C47AC /* AsyncRequestWorker .swift */; };
		0A8BD56422893435007213C0 /* WebKit.framework in Frameworks */ = {isa = PBXBuildFile; fileRef = 0A8BD56322893435007213C0 /* WebKit.framework */; };
		0A8DE967226D5EF000A52D1B /* AppDelegate.swift in Sources */ = {isa = PBXBuildFile; fileRef = 0A8DE966226D5EF000A52D1B /* AppDelegate.swift */; };
		0A8DE969226D5EF000A52D1B /* ViewController.swift in Sources */ = {isa = PBXBuildFile; fileRef = 0A8DE968226D5EF000A52D1B /* ViewController.swift */; };
		0A8DE96C226D5EF000A52D1B /* Main.storyboard in Resources */ = {isa = PBXBuildFile; fileRef = 0A8DE96A226D5EF000A52D1B /* Main.storyboard */; };
		0A8DE96E226D5EF100A52D1B /* Assets.xcassets in Resources */ = {isa = PBXBuildFile; fileRef = 0A8DE96D226D5EF100A52D1B /* Assets.xcassets */; };
		0A8DE971226D5EF100A52D1B /* LaunchScreen.storyboard in Resources */ = {isa = PBXBuildFile; fileRef = 0A8DE96F226D5EF100A52D1B /* LaunchScreen.storyboard */; };
		0A8DE97C226D5EF100A52D1B /* Class03Tests.swift in Sources */ = {isa = PBXBuildFile; fileRef = 0A8DE97B226D5EF100A52D1B /* Class03Tests.swift */; };
		0A8DE987226D5EF100A52D1B /* Class03UITests.swift in Sources */ = {isa = PBXBuildFile; fileRef = 0A8DE986226D5EF100A52D1B /* Class03UITests.swift */; };
		0A8DE996226D606400A52D1B /* .gitignore in Resources */ = {isa = PBXBuildFile; fileRef = 0A8DE995226D606400A52D1B /* .gitignore */; };
		0AA58FAF22A4B41300A58CEC /* ImageViewController.swift in Sources */ = {isa = PBXBuildFile; fileRef = 0AA58FAE22A4B41300A58CEC /* ImageViewController.swift */; };
		0AA58FB122A4B5AD00A58CEC /* Store.swift in Sources */ = {isa = PBXBuildFile; fileRef = 0AA58FB022A4B5AD00A58CEC /* Store.swift */; };
		0AA58FB322A4B5EA00A58CEC /* ServiceCategory.swift in Sources */ = {isa = PBXBuildFile; fileRef = 0AA58FB222A4B5EA00A58CEC /* ServiceCategory.swift */; };
		0AA58FB522A4C60400A58CEC /* MyMapViewController.swift in Sources */ = {isa = PBXBuildFile; fileRef = 0AA58FB422A4C60400A58CEC /* MyMapViewController.swift */; };
		11A24C151804D62E7E23A715 /* Pods_Class03Tests.framework in Frameworks */ = {isa = PBXBuildFile; fileRef = FFEFB4A6A1D7E9C9CA0FCF58 /* Pods_Class03Tests.framework */; };
		2D345A544E9B4FFDFA3A32FC /* Pods_Class03UITests.framework in Frameworks */ = {isa = PBXBuildFile; fileRef = 7E6C60ADBFD1C87118CBFE77 /* Pods_Class03UITests.framework */; };
		312C475E1EEA843C70F583C6 /* Pods_Class03.framework in Frameworks */ = {isa = PBXBuildFile; fileRef = 0F7B7170CF267766A22C8EC9 /* Pods_Class03.framework */; };
/* End PBXBuildFile section */

/* Begin PBXContainerItemProxy section */
		0A8DE978226D5EF100A52D1B /* PBXContainerItemProxy */ = {
			isa = PBXContainerItemProxy;
			containerPortal = 0A8DE95B226D5EF000A52D1B /* Project object */;
			proxyType = 1;
			remoteGlobalIDString = 0A8DE962226D5EF000A52D1B;
			remoteInfo = Class03;
		};
		0A8DE983226D5EF100A52D1B /* PBXContainerItemProxy */ = {
			isa = PBXContainerItemProxy;
			containerPortal = 0A8DE95B226D5EF000A52D1B /* Project object */;
			proxyType = 1;
			remoteGlobalIDString = 0A8DE962226D5EF000A52D1B;
			remoteInfo = Class03;
		};
/* End PBXContainerItemProxy section */

/* Begin PBXFileReference section */
		0A00A99F229B8727007CFB82 /* FileWorker.swift */ = {isa = PBXFileReference; lastKnownFileType = sourcecode.swift; path = FileWorker.swift; sourceTree = "<group>"; };
		0A00A9A1229B9426007CFB82 /* ServiceCategoryContext.swift */ = {isa = PBXFileReference; lastKnownFileType = sourcecode.swift; path = ServiceCategoryContext.swift; sourceTree = "<group>"; };
		0A346B81227FDEDC00E6CEB6 /* MybrowserViewController.swift */ = {isa = PBXFileReference; lastKnownFileType = sourcecode.swift; path = MybrowserViewController.swift; sourceTree = "<group>"; };
		0A5D419122924A4A005C47AC /* AsyncRequestWorker .swift */ = {isa = PBXFileReference; lastKnownFileType = sourcecode.swift; path = "AsyncRequestWorker .swift"; sourceTree = "<group>"; };
		0A8BD56322893435007213C0 /* WebKit.framework */ = {isa = PBXFileReference; lastKnownFileType = wrapper.framework; name = WebKit.framework; path = System/Library/Frameworks/WebKit.framework; sourceTree = SDKROOT; };
		0A8DE963226D5EF000A52D1B /* Class03.app */ = {isa = PBXFileReference; explicitFileType = wrapper.application; includeInIndex = 0; path = Class03.app; sourceTree = BUILT_PRODUCTS_DIR; };
		0A8DE966226D5EF000A52D1B /* AppDelegate.swift */ = {isa = PBXFileReference; lastKnownFileType = sourcecode.swift; path = AppDelegate.swift; sourceTree = "<group>"; };
		0A8DE968226D5EF000A52D1B /* ViewController.swift */ = {isa = PBXFileReference; lastKnownFileType = sourcecode.swift; path = ViewController.swift; sourceTree = "<group>"; };
		0A8DE96B226D5EF000A52D1B /* Base */ = {isa = PBXFileReference; lastKnownFileType = file.storyboard; name = Base; path = Base.lproj/Main.storyboard; sourceTree = "<group>"; };
		0A8DE96D226D5EF100A52D1B /* Assets.xcassets */ = {isa = PBXFileReference; lastKnownFileType = folder.assetcatalog; path = Assets.xcassets; sourceTree = "<group>"; };
		0A8DE970226D5EF100A52D1B /* Base */ = {isa = PBXFileReference; lastKnownFileType = file.storyboard; name = Base; path = Base.lproj/LaunchScreen.storyboard; sourceTree = "<group>"; };
		0A8DE972226D5EF100A52D1B /* Info.plist */ = {isa = PBXFileReference; lastKnownFileType = text.plist.xml; path = Info.plist; sourceTree = "<group>"; };
		0A8DE977226D5EF100A52D1B /* Class03Tests.xctest */ = {isa = PBXFileReference; explicitFileType = wrapper.cfbundle; includeInIndex = 0; path = Class03Tests.xctest; sourceTree = BUILT_PRODUCTS_DIR; };
		0A8DE97B226D5EF100A52D1B /* Class03Tests.swift */ = {isa = PBXFileReference; lastKnownFileType = sourcecode.swift; path = Class03Tests.swift; sourceTree = "<group>"; };
		0A8DE97D226D5EF100A52D1B /* Info.plist */ = {isa = PBXFileReference; lastKnownFileType = text.plist.xml; path = Info.plist; sourceTree = "<group>"; };
		0A8DE982226D5EF100A52D1B /* Class03UITests.xctest */ = {isa = PBXFileReference; explicitFileType = wrapper.cfbundle; includeInIndex = 0; path = Class03UITests.xctest; sourceTree = BUILT_PRODUCTS_DIR; };
		0A8DE986226D5EF100A52D1B /* Class03UITests.swift */ = {isa = PBXFileReference; lastKnownFileType = sourcecode.swift; path = Class03UITests.swift; sourceTree = "<group>"; };
		0A8DE988226D5EF100A52D1B /* Info.plist */ = {isa = PBXFileReference; lastKnownFileType = text.plist.xml; path = Info.plist; sourceTree = "<group>"; };
		0A8DE995226D606400A52D1B /* .gitignore */ = {isa = PBXFileReference; lastKnownFileType = text; path = .gitignore; sourceTree = "<group>"; };
		0AA58FAE22A4B41300A58CEC /* ImageViewController.swift */ = {isa = PBXFileReference; lastKnownFileType = sourcecode.swift; path = ImageViewController.swift; sourceTree = "<group>"; };
		0AA58FB022A4B5AD00A58CEC /* Store.swift */ = {isa = PBXFileReference; lastKnownFileType = sourcecode.swift; path = Store.swift; sourceTree = "<group>"; };
		0AA58FB222A4B5EA00A58CEC /* ServiceCategory.swift */ = {isa = PBXFileReference; lastKnownFileType = sourcecode.swift; path = ServiceCategory.swift; sourceTree = "<group>"; };
		0AA58FB422A4C60400A58CEC /* MyMapViewController.swift */ = {isa = PBXFileReference; lastKnownFileType = sourcecode.swift; path = MyMapViewController.swift; sourceTree = "<group>"; };
		0AD10C5122891F8500050D4E /* WatchKit.framework */ = {isa = PBXFileReference; lastKnownFileType = wrapper.framework; name = WatchKit.framework; path = System/Library/Frameworks/WatchKit.framework; sourceTree = SDKROOT; };
		0F7B7170CF267766A22C8EC9 /* Pods_Class03.framework */ = {isa = PBXFileReference; explicitFileType = wrapper.framework; includeInIndex = 0; path = Pods_Class03.framework; sourceTree = BUILT_PRODUCTS_DIR; };
		248D1BD9CD33656B664F4328 /* Pods-Class03Tests.release.xcconfig */ = {isa = PBXFileReference; includeInIndex = 1; lastKnownFileType = text.xcconfig; name = "Pods-Class03Tests.release.xcconfig"; path = "Target Support Files/Pods-Class03Tests/Pods-Class03Tests.release.xcconfig"; sourceTree = "<group>"; };
		27A0F59C2F42B4E9F0568DD4 /* Pods-Class03.debug.xcconfig */ = {isa = PBXFileReference; includeInIndex = 1; lastKnownFileType = text.xcconfig; name = "Pods-Class03.debug.xcconfig"; path = "Target Support Files/Pods-Class03/Pods-Class03.debug.xcconfig"; sourceTree = "<group>"; };
		575CCEE17CAD4E38C99F3EC0 /* Pods-Class03Tests.debug.xcconfig */ = {isa = PBXFileReference; includeInIndex = 1; lastKnownFileType = text.xcconfig; name = "Pods-Class03Tests.debug.xcconfig"; path = "Target Support Files/Pods-Class03Tests/Pods-Class03Tests.debug.xcconfig"; sourceTree = "<group>"; };
		7B92671083582AC5D9ECB7DE /* Pods-Class03.release.xcconfig */ = {isa = PBXFileReference; includeInIndex = 1; lastKnownFileType = text.xcconfig; name = "Pods-Class03.release.xcconfig"; path = "Target Support Files/Pods-Class03/Pods-Class03.release.xcconfig"; sourceTree = "<group>"; };
		7E6C60ADBFD1C87118CBFE77 /* Pods_Class03UITests.framework */ = {isa = PBXFileReference; explicitFileType = wrapper.framework; includeInIndex = 0; path = Pods_Class03UITests.framework; sourceTree = BUILT_PRODUCTS_DIR; };
		B5214A4D09342164BBD5C996 /* Pods-Class03UITests.debug.xcconfig */ = {isa = PBXFileReference; includeInIndex = 1; lastKnownFileType = text.xcconfig; name = "Pods-Class03UITests.debug.xcconfig"; path = "Target Support Files/Pods-Class03UITests/Pods-Class03UITests.debug.xcconfig"; sourceTree = "<group>"; };
		CDE42109BAD580F3FDE67EF6 /* Pods-Class03UITests.release.xcconfig */ = {isa = PBXFileReference; includeInIndex = 1; lastKnownFileType = text.xcconfig; name = "Pods-Class03UITests.release.xcconfig"; path = "Target Support Files/Pods-Class03UITests/Pods-Class03UITests.release.xcconfig"; sourceTree = "<group>"; };
		FFEFB4A6A1D7E9C9CA0FCF58 /* Pods_Class03Tests.framework */ = {isa = PBXFileReference; explicitFileType = wrapper.framework; includeInIndex = 0; path = Pods_Class03Tests.framework; sourceTree = BUILT_PRODUCTS_DIR; };
/* End PBXFileReference section */

/* Begin PBXFrameworksBuildPhase section */
		0A8DE960226D5EF000A52D1B /* Frameworks */ = {
			isa = PBXFrameworksBuildPhase;
			buildActionMask = 2147483647;
			files = (
				0A8BD56422893435007213C0 /* WebKit.framework in Frameworks */,
				312C475E1EEA843C70F583C6 /* Pods_Class03.framework in Frameworks */,
			);
			runOnlyForDeploymentPostprocessing = 0;
		};
		0A8DE974226D5EF100A52D1B /* Frameworks */ = {
			isa = PBXFrameworksBuildPhase;
			buildActionMask = 2147483647;
			files = (
				11A24C151804D62E7E23A715 /* Pods_Class03Tests.framework in Frameworks */,
			);
			runOnlyForDeploymentPostprocessing = 0;
		};
		0A8DE97F226D5EF100A52D1B /* Frameworks */ = {
			isa = PBXFrameworksBuildPhase;
			buildActionMask = 2147483647;
			files = (
				2D345A544E9B4FFDFA3A32FC /* Pods_Class03UITests.framework in Frameworks */,
			);
			runOnlyForDeploymentPostprocessing = 0;
		};
/* End PBXFrameworksBuildPhase section */

/* Begin PBXGroup section */
		0A8DE95A226D5EF000A52D1B = {
			isa = PBXGroup;
			children = (
				0A8DE995226D606400A52D1B /* .gitignore */,
				0A8DE965226D5EF000A52D1B /* Class03 */,
				0A8DE97A226D5EF100A52D1B /* Class03Tests */,
				0A8DE985226D5EF100A52D1B /* Class03UITests */,
				0A8DE964226D5EF000A52D1B /* Products */,
				0AD10C5022891F8500050D4E /* Frameworks */,
				690E16E8EC0AF47609DD68BE /* Pods */,
			);
			sourceTree = "<group>";
		};
		0A8DE964226D5EF000A52D1B /* Products */ = {
			isa = PBXGroup;
			children = (
				0A8DE963226D5EF000A52D1B /* Class03.app */,
				0A8DE977226D5EF100A52D1B /* Class03Tests.xctest */,
				0A8DE982226D5EF100A52D1B /* Class03UITests.xctest */,
			);
			name = Products;
			sourceTree = "<group>";
		};
		0A8DE965226D5EF000A52D1B /* Class03 */ = {
			isa = PBXGroup;
			children = (
				0A8DE966226D5EF000A52D1B /* AppDelegate.swift */,
				0A8DE968226D5EF000A52D1B /* ViewController.swift */,
				0A8DE96A226D5EF000A52D1B /* Main.storyboard */,
				0A8DE96D226D5EF100A52D1B /* Assets.xcassets */,
				0A8DE96F226D5EF100A52D1B /* LaunchScreen.storyboard */,
				0A8DE972226D5EF100A52D1B /* Info.plist */,
				0A346B81227FDEDC00E6CEB6 /* MybrowserViewController.swift */,
				0A5D419122924A4A005C47AC /* AsyncRequestWorker .swift */,
				0A00A99F229B8727007CFB82 /* FileWorker.swift */,
				0AA58FB022A4B5AD00A58CEC /* Store.swift */,
				0AA58FB222A4B5EA00A58CEC /* ServiceCategory.swift */,
				0A00A9A1229B9426007CFB82 /* ServiceCategoryContext.swift */,
				0AA58FAE22A4B41300A58CEC /* ImageViewController.swift */,
				0AA58FB422A4C60400A58CEC /* MyMapViewController.swift */,
			);
			path = Class03;
			sourceTree = "<group>";
		};
		0A8DE97A226D5EF100A52D1B /* Class03Tests */ = {
			isa = PBXGroup;
			children = (
				0A8DE97B226D5EF100A52D1B /* Class03Tests.swift */,
				0A8DE97D226D5EF100A52D1B /* Info.plist */,
			);
			path = Class03Tests;
			sourceTree = "<group>";
		};
		0A8DE985226D5EF100A52D1B /* Class03UITests */ = {
			isa = PBXGroup;
			children = (
				0A8DE986226D5EF100A52D1B /* Class03UITests.swift */,
				0A8DE988226D5EF100A52D1B /* Info.plist */,
			);
			path = Class03UITests;
			sourceTree = "<group>";
		};
		0AD10C5022891F8500050D4E /* Frameworks */ = {
			isa = PBXGroup;
			children = (
				0A8BD56322893435007213C0 /* WebKit.framework */,
				0AD10C5122891F8500050D4E /* WatchKit.framework */,
				0F7B7170CF267766A22C8EC9 /* Pods_Class03.framework */,
				FFEFB4A6A1D7E9C9CA0FCF58 /* Pods_Class03Tests.framework */,
				7E6C60ADBFD1C87118CBFE77 /* Pods_Class03UITests.framework */,
			);
			name = Frameworks;
			sourceTree = "<group>";
		};
		690E16E8EC0AF47609DD68BE /* Pods */ = {
			isa = PBXGroup;
			children = (
				27A0F59C2F42B4E9F0568DD4 /* Pods-Class03.debug.xcconfig */,
				7B92671083582AC5D9ECB7DE /* Pods-Class03.release.xcconfig */,
				575CCEE17CAD4E38C99F3EC0 /* Pods-Class03Tests.debug.xcconfig */,
				248D1BD9CD33656B664F4328 /* Pods-Class03Tests.release.xcconfig */,
				B5214A4D09342164BBD5C996 /* Pods-Class03UITests.debug.xcconfig */,
				CDE42109BAD580F3FDE67EF6 /* Pods-Class03UITests.release.xcconfig */,
			);
			path = Pods;
			sourceTree = "<group>";
		};
/* End PBXGroup section */

/* Begin PBXNativeTarget section */
		0A8DE962226D5EF000A52D1B /* Class03 */ = {
			isa = PBXNativeTarget;
			buildConfigurationList = 0A8DE98B226D5EF100A52D1B /* Build configuration list for PBXNativeTarget "Class03" */;
			buildPhases = (
				A1FBB0A91162BA82E63403E7 /* [CP] Check Pods Manifest.lock */,
				0A8DE95F226D5EF000A52D1B /* Sources */,
				0A8DE960226D5EF000A52D1B /* Frameworks */,
				0A8DE961226D5EF000A52D1B /* Resources */,
				69A526B515F358C669C7BAA8 /* [CP] Embed Pods Frameworks */,
			);
			buildRules = (
			);
			dependencies = (
			);
			name = Class03;
			productName = Class03;
			productReference = 0A8DE963226D5EF000A52D1B /* Class03.app */;
			productType = "com.apple.product-type.application";
		};
		0A8DE976226D5EF100A52D1B /* Class03Tests */ = {
			isa = PBXNativeTarget;
			buildConfigurationList = 0A8DE98E226D5EF100A52D1B /* Build configuration list for PBXNativeTarget "Class03Tests" */;
			buildPhases = (
				53D7F0C78EECF3D1FFBB0398 /* [CP] Check Pods Manifest.lock */,
				0A8DE973226D5EF100A52D1B /* Sources */,
				0A8DE974226D5EF100A52D1B /* Frameworks */,
				0A8DE975226D5EF100A52D1B /* Resources */,
			);
			buildRules = (
			);
			dependencies = (
				0A8DE979226D5EF100A52D1B /* PBXTargetDependency */,
			);
			name = Class03Tests;
			productName = Class03Tests;
			productReference = 0A8DE977226D5EF100A52D1B /* Class03Tests.xctest */;
			productType = "com.apple.product-type.bundle.unit-test";
		};
		0A8DE981226D5EF100A52D1B /* Class03UITests */ = {
			isa = PBXNativeTarget;
			buildConfigurationList = 0A8DE991226D5EF100A52D1B /* Build configuration list for PBXNativeTarget "Class03UITests" */;
			buildPhases = (
				88FC1A21476D040A5299BF1A /* [CP] Check Pods Manifest.lock */,
				0A8DE97E226D5EF100A52D1B /* Sources */,
				0A8DE97F226D5EF100A52D1B /* Frameworks */,
				0A8DE980226D5EF100A52D1B /* Resources */,
			);
			buildRules = (
			);
			dependencies = (
				0A8DE984226D5EF100A52D1B /* PBXTargetDependency */,
			);
			name = Class03UITests;
			productName = Class03UITests;
			productReference = 0A8DE982226D5EF100A52D1B /* Class03UITests.xctest */;
			productType = "com.apple.product-type.bundle.ui-testing";
		};
/* End PBXNativeTarget section */

/* Begin PBXProject section */
		0A8DE95B226D5EF000A52D1B /* Project object */ = {
			isa = PBXProject;
			attributes = {
				LastSwiftUpdateCheck = 1020;
				LastUpgradeCheck = 1020;
				ORGANIZATIONNAME = "許光毅";
				TargetAttributes = {
					0A8DE962226D5EF000A52D1B = {
						CreatedOnToolsVersion = 10.2.1;
					};
					0A8DE976226D5EF100A52D1B = {
						CreatedOnToolsVersion = 10.2.1;
						TestTargetID = 0A8DE962226D5EF000A52D1B;
					};
					0A8DE981226D5EF100A52D1B = {
						CreatedOnToolsVersion = 10.2.1;
						TestTargetID = 0A8DE962226D5EF000A52D1B;
					};
				};
			};
			buildConfigurationList = 0A8DE95E226D5EF000A52D1B /* Build configuration list for PBXProject "Class03" */;
			compatibilityVersion = "Xcode 9.3";
			developmentRegion = en;
			hasScannedForEncodings = 0;
			knownRegions = (
				en,
				Base,
			);
			mainGroup = 0A8DE95A226D5EF000A52D1B;
			productRefGroup = 0A8DE964226D5EF000A52D1B /* Products */;
			projectDirPath = "";
			projectRoot = "";
			targets = (
				0A8DE962226D5EF000A52D1B /* Class03 */,
				0A8DE976226D5EF100A52D1B /* Class03Tests */,
				0A8DE981226D5EF100A52D1B /* Class03UITests */,
			);
		};
/* End PBXProject section */

/* Begin PBXResourcesBuildPhase section */
		0A8DE961226D5EF000A52D1B /* Resources */ = {
			isa = PBXResourcesBuildPhase;
			buildActionMask = 2147483647;
			files = (
				0A8DE996226D606400A52D1B /* .gitignore in Resources */,
				0A8DE971226D5EF100A52D1B /* LaunchScreen.storyboard in Resources */,
				0A8DE96E226D5EF100A52D1B /* Assets.xcassets in Resources */,
				0A8DE96C226D5EF000A52D1B /* Main.storyboard in Resources */,
			);
			runOnlyForDeploymentPostprocessing = 0;
		};
		0A8DE975226D5EF100A52D1B /* Resources */ = {
			isa = PBXResourcesBuildPhase;
			buildActionMask = 2147483647;
			files = (
			);
			runOnlyForDeploymentPostprocessing = 0;
		};
		0A8DE980226D5EF100A52D1B /* Resources */ = {
			isa = PBXResourcesBuildPhase;
			buildActionMask = 2147483647;
			files = (
			);
			runOnlyForDeploymentPostprocessing = 0;
		};
/* End PBXResourcesBuildPhase section */

/* Begin PBXShellScriptBuildPhase section */
		53D7F0C78EECF3D1FFBB0398 /* [CP] Check Pods Manifest.lock */ = {
			isa = PBXShellScriptBuildPhase;
			buildActionMask = 2147483647;
			files = (
			);
			inputFileListPaths = (
			);
			inputPaths = (
				"${PODS_PODFILE_DIR_PATH}/Podfile.lock",
				"${PODS_ROOT}/Manifest.lock",
			);
			name = "[CP] Check Pods Manifest.lock";
			outputFileListPaths = (
			);
			outputPaths = (
				"$(DERIVED_FILE_DIR)/Pods-Class03Tests-checkManifestLockResult.txt",
			);
			runOnlyForDeploymentPostprocessing = 0;
			shellPath = /bin/sh;
			shellScript = "diff \"${PODS_PODFILE_DIR_PATH}/Podfile.lock\" \"${PODS_ROOT}/Manifest.lock\" > /dev/null\nif [ $? != 0 ] ; then\n    # print error to STDERR\n    echo \"error: The sandbox is not in sync with the Podfile.lock. Run 'pod install' or update your CocoaPods installation.\" >&2\n    exit 1\nfi\n# This output is used by Xcode 'outputs' to avoid re-running this script phase.\necho \"SUCCESS\" > \"${SCRIPT_OUTPUT_FILE_0}\"\n";
			showEnvVarsInLog = 0;
		};
		69A526B515F358C669C7BAA8 /* [CP] Embed Pods Frameworks */ = {
			isa = PBXShellScriptBuildPhase;
			buildActionMask = 2147483647;
			files = (
			);
			inputFileListPaths = (
			);
			inputPaths = (
				"${PODS_ROOT}/Target Support Files/Pods-Class03/Pods-Class03-frameworks.sh",
				"${BUILT_PRODUCTS_DIR}/SQLite.swift/SQLite.framework",
				"${BUILT_PRODUCTS_DIR}/SwiftyJSON/SwiftyJSON.framework",
			);
			name = "[CP] Embed Pods Frameworks";
			outputFileListPaths = (
			);
			outputPaths = (
				"${TARGET_BUILD_DIR}/${FRAMEWORKS_FOLDER_PATH}/SQLite.framework",
				"${TARGET_BUILD_DIR}/${FRAMEWORKS_FOLDER_PATH}/SwiftyJSON.framework",
			);
			runOnlyForDeploymentPostprocessing = 0;
			shellPath = /bin/sh;
			shellScript = "\"${PODS_ROOT}/Target Support Files/Pods-Class03/Pods-Class03-frameworks.sh\"\n";
			showEnvVarsInLog = 0;
		};
		88FC1A21476D040A5299BF1A /* [CP] Check Pods Manifest.lock */ = {
			isa = PBXShellScriptBuildPhase;
			buildActionMask = 2147483647;
			files = (
			);
			inputFileListPaths = (
			);
			inputPaths = (
				"${PODS_PODFILE_DIR_PATH}/Podfile.lock",
				"${PODS_ROOT}/Manifest.lock",
			);
			name = "[CP] Check Pods Manifest.lock";
			outputFileListPaths = (
			);
			outputPaths = (
				"$(DERIVED_FILE_DIR)/Pods-Class03UITests-checkManifestLockResult.txt",
			);
			runOnlyForDeploymentPostprocessing = 0;
			shellPath = /bin/sh;
			shellScript = "diff \"${PODS_PODFILE_DIR_PATH}/Podfile.lock\" \"${PODS_ROOT}/Manifest.lock\" > /dev/null\nif [ $? != 0 ] ; then\n    # print error to STDERR\n    echo \"error: The sandbox is not in sync with the Podfile.lock. Run 'pod install' or update your CocoaPods installation.\" >&2\n    exit 1\nfi\n# This output is used by Xcode 'outputs' to avoid re-running this script phase.\necho \"SUCCESS\" > \"${SCRIPT_OUTPUT_FILE_0}\"\n";
			showEnvVarsInLog = 0;
		};
		A1FBB0A91162BA82E63403E7 /* [CP] Check Pods Manifest.lock */ = {
			isa = PBXShellScriptBuildPhase;
			buildActionMask = 2147483647;
			files = (
			);
			inputFileListPaths = (
			);
			inputPaths = (
				"${PODS_PODFILE_DIR_PATH}/Podfile.lock",
				"${PODS_ROOT}/Manifest.lock",
			);
			name = "[CP] Check Pods Manifest.lock";
			outputFileListPaths = (
			);
			outputPaths = (
				"$(DERIVED_FILE_DIR)/Pods-Class03-checkManifestLockResult.txt",
			);
			runOnlyForDeploymentPostprocessing = 0;
			shellPath = /bin/sh;
			shellScript = "diff \"${PODS_PODFILE_DIR_PATH}/Podfile.lock\" \"${PODS_ROOT}/Manifest.lock\" > /dev/null\nif [ $? != 0 ] ; then\n    # print error to STDERR\n    echo \"error: The sandbox is not in sync with the Podfile.lock. Run 'pod install' or update your CocoaPods installation.\" >&2\n    exit 1\nfi\n# This output is used by Xcode 'outputs' to avoid re-running this script phase.\necho \"SUCCESS\" > \"${SCRIPT_OUTPUT_FILE_0}\"\n";
			showEnvVarsInLog = 0;
		};
/* End PBXShellScriptBuildPhase section */

/* Begin PBXSourcesBuildPhase section */
		0A8DE95F226D5EF000A52D1B /* Sources */ = {
			isa = PBXSourcesBuildPhase;
			buildActionMask = 2147483647;
			files = (
				0A8DE969226D5EF000A52D1B /* ViewController.swift in Sources */,
				0A00A9A2229B9426007CFB82 /* ServiceCategoryContext.swift in Sources */,
				0A5D419222924A4A005C47AC /* AsyncRequestWorker .swift in Sources */,
				0AA58FB522A4C60400A58CEC /* MyMapViewController.swift in Sources */,
				0AA58FB122A4B5AD00A58CEC /* Store.swift in Sources */,
				0AA58FAF22A4B41300A58CEC /* ImageViewController.swift in Sources */,
				0A346B82227FDEDC00E6CEB6 /* MybrowserViewController.swift in Sources */,
				0AA58FB322A4B5EA00A58CEC /* ServiceCategory.swift in Sources */,
				0A00A9A0229B8727007CFB82 /* FileWorker.swift in Sources */,
				0A8DE967226D5EF000A52D1B /* AppDelegate.swift in Sources */,
			);
			runOnlyForDeploymentPostprocessing = 0;
		};
		0A8DE973226D5EF100A52D1B /* Sources */ = {
			isa = PBXSourcesBuildPhase;
			buildActionMask = 2147483647;
			files = (
				0A8DE97C226D5EF100A52D1B /* Class03Tests.swift in Sources */,
			);
			runOnlyForDeploymentPostprocessing = 0;
		};
		0A8DE97E226D5EF100A52D1B /* Sources */ = {
			isa = PBXSourcesBuildPhase;
			buildActionMask = 2147483647;
			files = (
				0A8DE987226D5EF100A52D1B /* Class03UITests.swift in Sources */,
			);
			runOnlyForDeploymentPostprocessing = 0;
		};
/* End PBXSourcesBuildPhase section */

/* Begin PBXTargetDependency section */
		0A8DE979226D5EF100A52D1B /* PBXTargetDependency */ = {
			isa = PBXTargetDependency;
			target = 0A8DE962226D5EF000A52D1B /* Class03 */;
			targetProxy = 0A8DE978226D5EF100A52D1B /* PBXContainerItemProxy */;
		};
		0A8DE984226D5EF100A52D1B /* PBXTargetDependency */ = {
			isa = PBXTargetDependency;
			target = 0A8DE962226D5EF000A52D1B /* Class03 */;
			targetProxy = 0A8DE983226D5EF100A52D1B /* PBXContainerItemProxy */;
		};
/* End PBXTargetDependency section */

/* Begin PBXVariantGroup section */
		0A8DE96A226D5EF000A52D1B /* Main.storyboard */ = {
			isa = PBXVariantGroup;
			children = (
				0A8DE96B226D5EF000A52D1B /* Base */,
			);
			name = Main.storyboard;
			sourceTree = "<group>";
		};
		0A8DE96F226D5EF100A52D1B /* LaunchScreen.storyboard */ = {
			isa = PBXVariantGroup;
			children = (
				0A8DE970226D5EF100A52D1B /* Base */,
			);
			name = LaunchScreen.storyboard;
			sourceTree = "<group>";
		};
/* End PBXVariantGroup section */

/* Begin XCBuildConfiguration section */
		0A8DE989226D5EF100A52D1B /* Debug */ = {
			isa = XCBuildConfiguration;
			buildSettings = {
				ALWAYS_SEARCH_USER_PATHS = NO;
				CLANG_ANALYZER_NONNULL = YES;
				CLANG_ANALYZER_NUMBER_OBJECT_CONVERSION = YES_AGGRESSIVE;
				CLANG_CXX_LANGUAGE_STANDARD = "gnu++14";
				CLANG_CXX_LIBRARY = "libc++";
				CLANG_ENABLE_MODULES = YES;
				CLANG_ENABLE_OBJC_ARC = YES;
				CLANG_ENABLE_OBJC_WEAK = YES;
				CLANG_WARN_BLOCK_CAPTURE_AUTORELEASING = YES;
				CLANG_WARN_BOOL_CONVERSION = YES;
				CLANG_WARN_COMMA = YES;
				CLANG_WARN_CONSTANT_CONVERSION = YES;
				CLANG_WARN_DEPRECATED_OBJC_IMPLEMENTATIONS = YES;
				CLANG_WARN_DIRECT_OBJC_ISA_USAGE = YES_ERROR;
				CLANG_WARN_DOCUMENTATION_COMMENTS = YES;
				CLANG_WARN_EMPTY_BODY = YES;
				CLANG_WARN_ENUM_CONVERSION = YES;
				CLANG_WARN_INFINITE_RECURSION = YES;
				CLANG_WARN_INT_CONVERSION = YES;
				CLANG_WARN_NON_LITERAL_NULL_CONVERSION = YES;
				CLANG_WARN_OBJC_IMPLICIT_RETAIN_SELF = YES;
				CLANG_WARN_OBJC_LITERAL_CONVERSION = YES;
				CLANG_WARN_OBJC_ROOT_CLASS = YES_ERROR;
				CLANG_WARN_RANGE_LOOP_ANALYSIS = YES;
				CLANG_WARN_STRICT_PROTOTYPES = YES;
				CLANG_WARN_SUSPICIOUS_MOVE = YES;
				CLANG_WARN_UNGUARDED_AVAILABILITY = YES_AGGRESSIVE;
				CLANG_WARN_UNREACHABLE_CODE = YES;
				CLANG_WARN__DUPLICATE_METHOD_MATCH = YES;
				CODE_SIGN_IDENTITY = "iPhone Developer";
				COPY_PHASE_STRIP = NO;
				DEBUG_INFORMATION_FORMAT = dwarf;
				ENABLE_STRICT_OBJC_MSGSEND = YES;
				ENABLE_TESTABILITY = YES;
				GCC_C_LANGUAGE_STANDARD = gnu11;
				GCC_DYNAMIC_NO_PIC = NO;
				GCC_NO_COMMON_BLOCKS = YES;
				GCC_OPTIMIZATION_LEVEL = 0;
				GCC_PREPROCESSOR_DEFINITIONS = (
					"DEBUG=1",
					"$(inherited)",
				);
				GCC_WARN_64_TO_32_BIT_CONVERSION = YES;
				GCC_WARN_ABOUT_RETURN_TYPE = YES_ERROR;
				GCC_WARN_UNDECLARED_SELECTOR = YES;
				GCC_WARN_UNINITIALIZED_AUTOS = YES_AGGRESSIVE;
				GCC_WARN_UNUSED_FUNCTION = YES;
				GCC_WARN_UNUSED_VARIABLE = YES;
				IPHONEOS_DEPLOYMENT_TARGET = 12.2;
				MTL_ENABLE_DEBUG_INFO = INCLUDE_SOURCE;
				MTL_FAST_MATH = YES;
				ONLY_ACTIVE_ARCH = YES;
				SDKROOT = iphoneos;
				SWIFT_ACTIVE_COMPILATION_CONDITIONS = DEBUG;
				SWIFT_OPTIMIZATION_LEVEL = "-Onone";
			};
			name = Debug;
		};
		0A8DE98A226D5EF100A52D1B /* Release */ = {
			isa = XCBuildConfiguration;
			buildSettings = {
				ALWAYS_SEARCH_USER_PATHS = NO;
				CLANG_ANALYZER_NONNULL = YES;
				CLANG_ANALYZER_NUMBER_OBJECT_CONVERSION = YES_AGGRESSIVE;
				CLANG_CXX_LANGUAGE_STANDARD = "gnu++14";
				CLANG_CXX_LIBRARY = "libc++";
				CLANG_ENABLE_MODULES = YES;
				CLANG_ENABLE_OBJC_ARC = YES;
				CLANG_ENABLE_OBJC_WEAK = YES;
				CLANG_WARN_BLOCK_CAPTURE_AUTORELEASING = YES;
				CLANG_WARN_BOOL_CONVERSION = YES;
				CLANG_WARN_COMMA = YES;
				CLANG_WARN_CONSTANT_CONVERSION = YES;
				CLANG_WARN_DEPRECATED_OBJC_IMPLEMENTATIONS = YES;
				CLANG_WARN_DIRECT_OBJC_ISA_USAGE = YES_ERROR;
				CLANG_WARN_DOCUMENTATION_COMMENTS = YES;
				CLANG_WARN_EMPTY_BODY = YES;
				CLANG_WARN_ENUM_CONVERSION = YES;
				CLANG_WARN_INFINITE_RECURSION = YES;
				CLANG_WARN_INT_CONVERSION = YES;
				CLANG_WARN_NON_LITERAL_NULL_CONVERSION = YES;
				CLANG_WARN_OBJC_IMPLICIT_RETAIN_SELF = YES;
				CLANG_WARN_OBJC_LITERAL_CONVERSION = YES;
				CLANG_WARN_OBJC_ROOT_CLASS = YES_ERROR;
				CLANG_WARN_RANGE_LOOP_ANALYSIS = YES;
				CLANG_WARN_STRICT_PROTOTYPES = YES;
				CLANG_WARN_SUSPICIOUS_MOVE = YES;
				CLANG_WARN_UNGUARDED_AVAILABILITY = YES_AGGRESSIVE;
				CLANG_WARN_UNREACHABLE_CODE = YES;
				CLANG_WARN__DUPLICATE_METHOD_MATCH = YES;
				CODE_SIGN_IDENTITY = "iPhone Developer";
				COPY_PHASE_STRIP = NO;
				DEBUG_INFORMATION_FORMAT = "dwarf-with-dsym";
				ENABLE_NS_ASSERTIONS = NO;
				ENABLE_STRICT_OBJC_MSGSEND = YES;
				GCC_C_LANGUAGE_STANDARD = gnu11;
				GCC_NO_COMMON_BLOCKS = YES;
				GCC_WARN_64_TO_32_BIT_CONVERSION = YES;
				GCC_WARN_ABOUT_RETURN_TYPE = YES_ERROR;
				GCC_WARN_UNDECLARED_SELECTOR = YES;
				GCC_WARN_UNINITIALIZED_AUTOS = YES_AGGRESSIVE;
				GCC_WARN_UNUSED_FUNCTION = YES;
				GCC_WARN_UNUSED_VARIABLE = YES;
				IPHONEOS_DEPLOYMENT_TARGET = 12.2;
				MTL_ENABLE_DEBUG_INFO = NO;
				MTL_FAST_MATH = YES;
				SDKROOT = iphoneos;
				SWIFT_COMPILATION_MODE = wholemodule;
				SWIFT_OPTIMIZATION_LEVEL = "-O";
				VALIDATE_PRODUCT = YES;
			};
			name = Release;
		};
		0A8DE98C226D5EF100A52D1B /* Debug */ = {
			isa = XCBuildConfiguration;
			baseConfigurationReference = 27A0F59C2F42B4E9F0568DD4 /* Pods-Class03.debug.xcconfig */;
			buildSettings = {
				ASSETCATALOG_COMPILER_APPICON_NAME = AppIcon;
				CODE_SIGN_STYLE = Automatic;
				DEVELOPMENT_TEAM = "";
				INFOPLIST_FILE = Class03/Info.plist;
				LD_RUNPATH_SEARCH_PATHS = (
					"$(inherited)",
					"@executable_path/Frameworks",
				);
				PRODUCT_BUNDLE_IDENTIFIER = home.Class03;
				PRODUCT_NAME = "$(TARGET_NAME)";
				SWIFT_VERSION = 5.0;
				TARGETED_DEVICE_FAMILY = "1,2";
			};
			name = Debug;
		};
		0A8DE98D226D5EF100A52D1B /* Release */ = {
			isa = XCBuildConfiguration;
			baseConfigurationReference = 7B92671083582AC5D9ECB7DE /* Pods-Class03.release.xcconfig */;
			buildSettings = {
				ASSETCATALOG_COMPILER_APPICON_NAME = AppIcon;
				CODE_SIGN_STYLE = Automatic;
				DEVELOPMENT_TEAM = "";
				INFOPLIST_FILE = Class03/Info.plist;
				LD_RUNPATH_SEARCH_PATHS = (
					"$(inherited)",
					"@executable_path/Frameworks",
				);
				PRODUCT_BUNDLE_IDENTIFIER = home.Class03;
				PRODUCT_NAME = "$(TARGET_NAME)";
				SWIFT_VERSION = 5.0;
				TARGETED_DEVICE_FAMILY = "1,2";
			};
			name = Release;
		};
		0A8DE98F226D5EF100A52D1B /* Debug */ = {
			isa = XCBuildConfiguration;
			baseConfigurationReference = 575CCEE17CAD4E38C99F3EC0 /* Pods-Class03Tests.debug.xcconfig */;
			buildSettings = {
				ALWAYS_EMBED_SWIFT_STANDARD_LIBRARIES = YES;
				BUNDLE_LOADER = "$(TEST_HOST)";
				CODE_SIGN_STYLE = Automatic;
				INFOPLIST_FILE = Class03Tests/Info.plist;
				LD_RUNPATH_SEARCH_PATHS = (
					"$(inherited)",
					"@executable_path/Frameworks",
					"@loader_path/Frameworks",
				);
				PRODUCT_BUNDLE_IDENTIFIER = home.Class03Tests;
				PRODUCT_NAME = "$(TARGET_NAME)";
				SWIFT_VERSION = 5.0;
				TARGETED_DEVICE_FAMILY = "1,2";
				TEST_HOST = "$(BUILT_PRODUCTS_DIR)/Class03.app/Class03";
			};
			name = Debug;
		};
		0A8DE990226D5EF100A52D1B /* Release */ = {
			isa = XCBuildConfiguration;
			baseConfigurationReference = 248D1BD9CD33656B664F4328 /* Pods-Class03Tests.release.xcconfig */;
			buildSettings = {
				ALWAYS_EMBED_SWIFT_STANDARD_LIBRARIES = YES;
				BUNDLE_LOADER = "$(TEST_HOST)";
				CODE_SIGN_STYLE = Automatic;
				INFOPLIST_FILE = Class03Tests/Info.plist;
				LD_RUNPATH_SEARCH_PATHS = (
					"$(inherited)",
					"@executable_path/Frameworks",
					"@loader_path/Frameworks",
				);
				PRODUCT_BUNDLE_IDENTIFIER = home.Class03Tests;
				PRODUCT_NAME = "$(TARGET_NAME)";
				SWIFT_VERSION = 5.0;
				TARGETED_DEVICE_FAMILY = "1,2";
				TEST_HOST = "$(BUILT_PRODUCTS_DIR)/Class03.app/Class03";
			};
			name = Release;
		};
		0A8DE992226D5EF100A52D1B /* Debug */ = {
			isa = XCBuildConfiguration;
			baseConfigurationReference = B5214A4D09342164BBD5C996 /* Pods-Class03UITests.debug.xcconfig */;
			buildSettings = {
				ALWAYS_EMBED_SWIFT_STANDARD_LIBRARIES = YES;
				CODE_SIGN_STYLE = Automatic;
				INFOPLIST_FILE = Class03UITests/Info.plist;
				LD_RUNPATH_SEARCH_PATHS = (
					"$(inherited)",
					"@executable_path/Frameworks",
					"@loader_path/Frameworks",
				);
				PRODUCT_BUNDLE_IDENTIFIER = home.Class03UITests;
				PRODUCT_NAME = "$(TARGET_NAME)";
				SWIFT_VERSION = 5.0;
				TARGETED_DEVICE_FAMILY = "1,2";
				TEST_TARGET_NAME = Class03;
			};
			name = Debug;
		};
		0A8DE993226D5EF100A52D1B /* Release */ = {
			isa = XCBuildConfiguration;
			baseConfigurationReference = CDE42109BAD580F3FDE67EF6 /* Pods-Class03UITests.release.xcconfig */;
			buildSettings = {
				ALWAYS_EMBED_SWIFT_STANDARD_LIBRARIES = YES;
				CODE_SIGN_STYLE = Automatic;
				INFOPLIST_FILE = Class03UITests/Info.plist;
				LD_RUNPATH_SEARCH_PATHS = (
					"$(inherited)",
					"@executable_path/Frameworks",
					"@loader_path/Frameworks",
				);
				PRODUCT_BUNDLE_IDENTIFIER = home.Class03UITests;
				PRODUCT_NAME = "$(TARGET_NAME)";
				SWIFT_VERSION = 5.0;
				TARGETED_DEVICE_FAMILY = "1,2";
				TEST_TARGET_NAME = Class03;
			};
			name = Release;
		};
/* End XCBuildConfiguration section */

/* Begin XCConfigurationList section */
		0A8DE95E226D5EF000A52D1B /* Build configuration list for PBXProject "Class03" */ = {
			isa = XCConfigurationList;
			buildConfigurations = (
				0A8DE989226D5EF100A52D1B /* Debug */,
				0A8DE98A226D5EF100A52D1B /* Release */,
			);
			defaultConfigurationIsVisible = 0;
			defaultConfigurationName = Release;
		};
		0A8DE98B226D5EF100A52D1B /* Build configuration list for PBXNativeTarget "Class03" */ = {
			isa = XCConfigurationList;
			buildConfigurations = (
				0A8DE98C226D5EF100A52D1B /* Debug */,
				0A8DE98D226D5EF100A52D1B /* Release */,
			);
			defaultConfigurationIsVisible = 0;
			defaultConfigurationName = Release;
		};
		0A8DE98E226D5EF100A52D1B /* Build configuration list for PBXNativeTarget "Class03Tests" */ = {
			isa = XCConfigurationList;
			buildConfigurations = (
				0A8DE98F226D5EF100A52D1B /* Debug */,
				0A8DE990226D5EF100A52D1B /* Release */,
			);
			defaultConfigurationIsVisible = 0;
			defaultConfigurationName = Release;
		};
		0A8DE991226D5EF100A52D1B /* Build configuration list for PBXNativeTarget "Class03UITests" */ = {
			isa = XCConfigurationList;
			buildConfigurations = (
				0A8DE992226D5EF100A52D1B /* Debug */,
				0A8DE993226D5EF100A52D1B /* Release */,
			);
			defaultConfigurationIsVisible = 0;
			defaultConfigurationName = Release;
		};
/* End XCConfigurationList section */
	};
	rootObject = 0A8DE95B226D5EF000A52D1B /* Project object */;
}
